// !$*UTF8*$!
{
	archiveVersion = 1;
	classes = {
	};
	objectVersion = 56;
	objects = {

/* Begin PBXBuildFile section */
		4020E6282AEAF1720055B849 /* Urbanist-Regular.ttf in Resources */ = {isa = PBXBuildFile; fileRef = 4020E6272AEAF1720055B849 /* Urbanist-Regular.ttf */; };
		4020E62A2AEAF2460055B849 /* Urbanist-SemiBold.ttf in Resources */ = {isa = PBXBuildFile; fileRef = 4020E6292AEAF2460055B849 /* Urbanist-SemiBold.ttf */; };
		4020E62C2AEAF2B20055B849 /* SetListHeader.swift in Sources */ = {isa = PBXBuildFile; fileRef = 4020E62B2AEAF2B20055B849 /* SetListHeader.swift */; };
		4058DA712AEBC06100CDB1AC /* SetListItem.swift in Sources */ = {isa = PBXBuildFile; fileRef = 4058DA702AEBC06100CDB1AC /* SetListItem.swift */; };
		4058DA732AEBC5F700CDB1AC /* SetListItemView.swift in Sources */ = {isa = PBXBuildFile; fileRef = 4058DA722AEBC5F700CDB1AC /* SetListItemView.swift */; };
		4058DA762AEC2A4300CDB1AC /* SetListHeaderTextView.swift in Sources */ = {isa = PBXBuildFile; fileRef = 4058DA752AEC2A4300CDB1AC /* SetListHeaderTextView.swift */; };
		4058DA782AEC2B4E00CDB1AC /* BottomBorderView.swift in Sources */ = {isa = PBXBuildFile; fileRef = 4058DA772AEC2B4E00CDB1AC /* BottomBorderView.swift */; };
		406A20882AF7F73F004D5214 /* VenueView.swift in Sources */ = {isa = PBXBuildFile; fileRef = 406A20872AF7F73F004D5214 /* VenueView.swift */; };
		4086B5B32AFAD680003521A9 /* Venue.swift in Sources */ = {isa = PBXBuildFile; fileRef = 4086B5B22AFAD680003521A9 /* Venue.swift */; };
		40963B5E2AED584D00C47688 /* AddSongView.swift in Sources */ = {isa = PBXBuildFile; fileRef = 40963B5D2AED584D00C47688 /* AddSongView.swift */; };
		40963B622AED824600C47688 /* Urbanist-Light.ttf in Resources */ = {isa = PBXBuildFile; fileRef = 40963B612AED824600C47688 /* Urbanist-Light.ttf */; };
		40963B642AED827D00C47688 /* Urbanist-ExtraLight.ttf in Resources */ = {isa = PBXBuildFile; fileRef = 40963B632AED827D00C47688 /* Urbanist-ExtraLight.ttf */; };
		40963B662AED86F300C47688 /* InputView.swift in Sources */ = {isa = PBXBuildFile; fileRef = 40963B652AED86F300C47688 /* InputView.swift */; };
		409941E22AF18F3E00D03A0A /* ButtonView.swift in Sources */ = {isa = PBXBuildFile; fileRef = 409941E12AF18F3E00D03A0A /* ButtonView.swift */; };
		409A088D2AE9B4BB00761D16 /* BandPalApp.swift in Sources */ = {isa = PBXBuildFile; fileRef = 409A088C2AE9B4BB00761D16 /* BandPalApp.swift */; };
		409A088F2AE9B4BB00761D16 /* ContentView.swift in Sources */ = {isa = PBXBuildFile; fileRef = 409A088E2AE9B4BB00761D16 /* ContentView.swift */; };
		409A08912AE9B4BC00761D16 /* Assets.xcassets in Resources */ = {isa = PBXBuildFile; fileRef = 409A08902AE9B4BC00761D16 /* Assets.xcassets */; };
		409A08942AE9B4BC00761D16 /* Preview Assets.xcassets in Resources */ = {isa = PBXBuildFile; fileRef = 409A08932AE9B4BC00761D16 /* Preview Assets.xcassets */; };
		409A089B2AE9B50F00761D16 /* SetList.swift in Sources */ = {isa = PBXBuildFile; fileRef = 409A089A2AE9B50F00761D16 /* SetList.swift */; };
		409A089D2AE9BC3800761D16 /* SetListView.swift in Sources */ = {isa = PBXBuildFile; fileRef = 409A089C2AE9BC3800761D16 /* SetListView.swift */; };
		40E923872AF97A9600CC3CA4 /* StatusView.swift in Sources */ = {isa = PBXBuildFile; fileRef = 40E923862AF97A9600CC3CA4 /* StatusView.swift */; };
/* End PBXBuildFile section */

/* Begin PBXFileReference section */
		4020E6202AEAEE100055B849 /* Info.plist */ = {isa = PBXFileReference; lastKnownFileType = text.plist; path = Info.plist; sourceTree = "<group>"; };
		4020E6272AEAF1720055B849 /* Urbanist-Regular.ttf */ = {isa = PBXFileReference; lastKnownFileType = file; path = "Urbanist-Regular.ttf"; sourceTree = "<group>"; };
		4020E6292AEAF2460055B849 /* Urbanist-SemiBold.ttf */ = {isa = PBXFileReference; lastKnownFileType = file; path = "Urbanist-SemiBold.ttf"; sourceTree = "<group>"; };
		4020E62B2AEAF2B20055B849 /* SetListHeader.swift */ = {isa = PBXFileReference; lastKnownFileType = sourcecode.swift; path = SetListHeader.swift; sourceTree = "<group>"; };
		4058DA702AEBC06100CDB1AC /* SetListItem.swift */ = {isa = PBXFileReference; lastKnownFileType = sourcecode.swift; path = SetListItem.swift; sourceTree = "<group>"; };
		4058DA722AEBC5F700CDB1AC /* SetListItemView.swift */ = {isa = PBXFileReference; lastKnownFileType = sourcecode.swift; path = SetListItemView.swift; sourceTree = "<group>"; };
		4058DA752AEC2A4300CDB1AC /* SetListHeaderTextView.swift */ = {isa = PBXFileReference; lastKnownFileType = sourcecode.swift; path = SetListHeaderTextView.swift; sourceTree = "<group>"; };
		4058DA772AEC2B4E00CDB1AC /* BottomBorderView.swift */ = {isa = PBXFileReference; lastKnownFileType = sourcecode.swift; path = BottomBorderView.swift; sourceTree = "<group>"; };
		406A20872AF7F73F004D5214 /* VenueView.swift */ = {isa = PBXFileReference; lastKnownFileType = sourcecode.swift; path = VenueView.swift; sourceTree = "<group>"; };
		4086B5B22AFAD680003521A9 /* Venue.swift */ = {isa = PBXFileReference; lastKnownFileType = sourcecode.swift; path = Venue.swift; sourceTree = "<group>"; };
		40963B5D2AED584D00C47688 /* AddSongView.swift */ = {isa = PBXFileReference; lastKnownFileType = sourcecode.swift; path = AddSongView.swift; sourceTree = "<group>"; };
		40963B612AED824600C47688 /* Urbanist-Light.ttf */ = {isa = PBXFileReference; lastKnownFileType = file; path = "Urbanist-Light.ttf"; sourceTree = "<group>"; };
		40963B632AED827D00C47688 /* Urbanist-ExtraLight.ttf */ = {isa = PBXFileReference; lastKnownFileType = file; path = "Urbanist-ExtraLight.ttf"; sourceTree = "<group>"; };
		40963B652AED86F300C47688 /* InputView.swift */ = {isa = PBXFileReference; lastKnownFileType = sourcecode.swift; path = InputView.swift; sourceTree = "<group>"; };
		409941E12AF18F3E00D03A0A /* ButtonView.swift */ = {isa = PBXFileReference; lastKnownFileType = sourcecode.swift; path = ButtonView.swift; sourceTree = "<group>"; };
		409A08892AE9B4BB00761D16 /* BandPal.app */ = {isa = PBXFileReference; explicitFileType = wrapper.application; includeInIndex = 0; path = BandPal.app; sourceTree = BUILT_PRODUCTS_DIR; };
		409A088C2AE9B4BB00761D16 /* BandPalApp.swift */ = {isa = PBXFileReference; lastKnownFileType = sourcecode.swift; path = BandPalApp.swift; sourceTree = "<group>"; };
		409A088E2AE9B4BB00761D16 /* ContentView.swift */ = {isa = PBXFileReference; lastKnownFileType = sourcecode.swift; path = ContentView.swift; sourceTree = "<group>"; };
		409A08902AE9B4BC00761D16 /* Assets.xcassets */ = {isa = PBXFileReference; lastKnownFileType = folder.assetcatalog; path = Assets.xcassets; sourceTree = "<group>"; };
		409A08932AE9B4BC00761D16 /* Preview Assets.xcassets */ = {isa = PBXFileReference; lastKnownFileType = folder.assetcatalog; path = "Preview Assets.xcassets"; sourceTree = "<group>"; };
		409A089A2AE9B50F00761D16 /* SetList.swift */ = {isa = PBXFileReference; lastKnownFileType = sourcecode.swift; path = SetList.swift; sourceTree = "<group>"; };
		409A089C2AE9BC3800761D16 /* SetListView.swift */ = {isa = PBXFileReference; lastKnownFileType = sourcecode.swift; path = SetListView.swift; sourceTree = "<group>"; };
		40E923862AF97A9600CC3CA4 /* StatusView.swift */ = {isa = PBXFileReference; lastKnownFileType = sourcecode.swift; path = StatusView.swift; sourceTree = "<group>"; };
/* End PBXFileReference section */

/* Begin PBXFrameworksBuildPhase section */
		409A08862AE9B4BB00761D16 /* Frameworks */ = {
			isa = PBXFrameworksBuildPhase;
			buildActionMask = 2147483647;
			files = (
			);
			runOnlyForDeploymentPostprocessing = 0;
		};
/* End PBXFrameworksBuildPhase section */

/* Begin PBXGroup section */
		406A20842AF7DCDA004D5214 /* SetList */ = {
			isa = PBXGroup;
			children = (
				409A089C2AE9BC3800761D16 /* SetListView.swift */,
				4058DA752AEC2A4300CDB1AC /* SetListHeaderTextView.swift */,
				4020E62B2AEAF2B20055B849 /* SetListHeader.swift */,
				4058DA722AEBC5F700CDB1AC /* SetListItemView.swift */,
				40963B5D2AED584D00C47688 /* AddSongView.swift */,
			);
			path = SetList;
			sourceTree = "<group>";
		};
		406A20862AF7DD1D004D5214 /* Shared */ = {
			isa = PBXGroup;
			children = (
				4058DA772AEC2B4E00CDB1AC /* BottomBorderView.swift */,
				40963B652AED86F300C47688 /* InputView.swift */,
				409941E12AF18F3E00D03A0A /* ButtonView.swift */,
			);
			path = Shared;
			sourceTree = "<group>";
		};
		406A20892AF7F74C004D5214 /* Venue */ = {
			isa = PBXGroup;
			children = (
				406A20872AF7F73F004D5214 /* VenueView.swift */,
				40E923862AF97A9600CC3CA4 /* StatusView.swift */,
			);
			path = Venue;
			sourceTree = "<group>";
		};
		409941E32AF192D500D03A0A /* Views */ = {
			isa = PBXGroup;
			children = (
				406A20892AF7F74C004D5214 /* Venue */,
				406A20862AF7DD1D004D5214 /* Shared */,
				406A20842AF7DCDA004D5214 /* SetList */,
			);
			path = Views;
			sourceTree = "<group>";
		};
		409A08802AE9B4BB00761D16 = {
			isa = PBXGroup;
			children = (
				409A088B2AE9B4BB00761D16 /* BandPal */,
				409A088A2AE9B4BB00761D16 /* Products */,
			);
			sourceTree = "<group>";
		};
		409A088A2AE9B4BB00761D16 /* Products */ = {
			isa = PBXGroup;
			children = (
				409A08892AE9B4BB00761D16 /* BandPal.app */,
			);
			name = Products;
			sourceTree = "<group>";
		};
		409A088B2AE9B4BB00761D16 /* BandPal */ = {
			isa = PBXGroup;
			children = (
				4020E6202AEAEE100055B849 /* Info.plist */,
				409A088E2AE9B4BB00761D16 /* ContentView.swift */,
				409A088C2AE9B4BB00761D16 /* BandPalApp.swift */,
				409A08902AE9B4BC00761D16 /* Assets.xcassets */,
				409A08922AE9B4BC00761D16 /* Preview Content */,
				409A089A2AE9B50F00761D16 /* SetList.swift */,
				4058DA702AEBC06100CDB1AC /* SetListItem.swift */,
				4086B5B22AFAD680003521A9 /* Venue.swift */,
				409941E32AF192D500D03A0A /* Views */,
				4020E6272AEAF1720055B849 /* Urbanist-Regular.ttf */,
				4020E6292AEAF2460055B849 /* Urbanist-SemiBold.ttf */,
				40963B612AED824600C47688 /* Urbanist-Light.ttf */,
				40963B632AED827D00C47688 /* Urbanist-ExtraLight.ttf */,
			);
			path = BandPal;
			sourceTree = "<group>";
		};
		409A08922AE9B4BC00761D16 /* Preview Content */ = {
			isa = PBXGroup;
			children = (
				409A08932AE9B4BC00761D16 /* Preview Assets.xcassets */,
			);
			path = "Preview Content";
			sourceTree = "<group>";
		};
/* End PBXGroup section */

/* Begin PBXNativeTarget section */
		409A08882AE9B4BB00761D16 /* BandPal */ = {
			isa = PBXNativeTarget;
			buildConfigurationList = 409A08972AE9B4BC00761D16 /* Build configuration list for PBXNativeTarget "BandPal" */;
			buildPhases = (
				409A08852AE9B4BB00761D16 /* Sources */,
				409A08862AE9B4BB00761D16 /* Frameworks */,
				409A08872AE9B4BB00761D16 /* Resources */,
			);
			buildRules = (
			);
			dependencies = (
			);
			name = BandPal;
			productName = BandPal;
			productReference = 409A08892AE9B4BB00761D16 /* BandPal.app */;
			productType = "com.apple.product-type.application";
		};
/* End PBXNativeTarget section */

/* Begin PBXProject section */
		409A08812AE9B4BB00761D16 /* Project object */ = {
			isa = PBXProject;
			attributes = {
				BuildIndependentTargetsInParallel = 1;
				LastSwiftUpdateCheck = 1500;
				LastUpgradeCheck = 1500;
				TargetAttributes = {
					409A08882AE9B4BB00761D16 = {
						CreatedOnToolsVersion = 15.0.1;
					};
				};
			};
			buildConfigurationList = 409A08842AE9B4BB00761D16 /* Build configuration list for PBXProject "BandPal" */;
			compatibilityVersion = "Xcode 14.0";
			developmentRegion = en;
			hasScannedForEncodings = 0;
			knownRegions = (
				en,
				Base,
			);
			mainGroup = 409A08802AE9B4BB00761D16;
			productRefGroup = 409A088A2AE9B4BB00761D16 /* Products */;
			projectDirPath = "";
			projectRoot = "";
			targets = (
				409A08882AE9B4BB00761D16 /* BandPal */,
			);
		};
/* End PBXProject section */

/* Begin PBXResourcesBuildPhase section */
		409A08872AE9B4BB00761D16 /* Resources */ = {
			isa = PBXResourcesBuildPhase;
			buildActionMask = 2147483647;
			files = (
				40963B642AED827D00C47688 /* Urbanist-ExtraLight.ttf in Resources */,
				409A08942AE9B4BC00761D16 /* Preview Assets.xcassets in Resources */,
				4020E62A2AEAF2460055B849 /* Urbanist-SemiBold.ttf in Resources */,
				409A08912AE9B4BC00761D16 /* Assets.xcassets in Resources */,
				40963B622AED824600C47688 /* Urbanist-Light.ttf in Resources */,
				4020E6282AEAF1720055B849 /* Urbanist-Regular.ttf in Resources */,
			);
			runOnlyForDeploymentPostprocessing = 0;
		};
/* End PBXResourcesBuildPhase section */

/* Begin PBXSourcesBuildPhase section */
		409A08852AE9B4BB00761D16 /* Sources */ = {
			isa = PBXSourcesBuildPhase;
			buildActionMask = 2147483647;
			files = (
				4020E62C2AEAF2B20055B849 /* SetListHeader.swift in Sources */,
				409A088F2AE9B4BB00761D16 /* ContentView.swift in Sources */,
				409941E22AF18F3E00D03A0A /* ButtonView.swift in Sources */,
				409A088D2AE9B4BB00761D16 /* BandPalApp.swift in Sources */,
				40E923872AF97A9600CC3CA4 /* StatusView.swift in Sources */,
				40963B5E2AED584D00C47688 /* AddSongView.swift in Sources */,
				409A089B2AE9B50F00761D16 /* SetList.swift in Sources */,
				409A089D2AE9BC3800761D16 /* SetListView.swift in Sources */,
				4058DA762AEC2A4300CDB1AC /* SetListHeaderTextView.swift in Sources */,
				4058DA712AEBC06100CDB1AC /* SetListItem.swift in Sources */,
				4086B5B32AFAD680003521A9 /* Venue.swift in Sources */,
				40963B662AED86F300C47688 /* InputView.swift in Sources */,
				4058DA732AEBC5F700CDB1AC /* SetListItemView.swift in Sources */,
				4058DA782AEC2B4E00CDB1AC /* BottomBorderView.swift in Sources */,
				406A20882AF7F73F004D5214 /* VenueView.swift in Sources */,
			);
			runOnlyForDeploymentPostprocessing = 0;
		};
/* End PBXSourcesBuildPhase section */

/* Begin XCBuildConfiguration section */
		409A08952AE9B4BC00761D16 /* Debug */ = {
			isa = XCBuildConfiguration;
			buildSettings = {
				ALWAYS_SEARCH_USER_PATHS = NO;
				ASSETCATALOG_COMPILER_GENERATE_SWIFT_ASSET_SYMBOL_EXTENSIONS = YES;
				CLANG_ANALYZER_NONNULL = YES;
				CLANG_ANALYZER_NUMBER_OBJECT_CONVERSION = YES_AGGRESSIVE;
				CLANG_CXX_LANGUAGE_STANDARD = "gnu++20";
				CLANG_ENABLE_MODULES = YES;
				CLANG_ENABLE_OBJC_ARC = YES;
				CLANG_ENABLE_OBJC_WEAK = YES;
				CLANG_WARN_BLOCK_CAPTURE_AUTORELEASING = YES;
				CLANG_WARN_BOOL_CONVERSION = YES;
				CLANG_WARN_COMMA = YES;
				CLANG_WARN_CONSTANT_CONVERSION = YES;
				CLANG_WARN_DEPRECATED_OBJC_IMPLEMENTATIONS = YES;
				CLANG_WARN_DIRECT_OBJC_ISA_USAGE = YES_ERROR;
				CLANG_WARN_DOCUMENTATION_COMMENTS = YES;
				CLANG_WARN_EMPTY_BODY = YES;
				CLANG_WARN_ENUM_CONVERSION = YES;
				CLANG_WARN_INFINITE_RECURSION = YES;
				CLANG_WARN_INT_CONVERSION = YES;
				CLANG_WARN_NON_LITERAL_NULL_CONVERSION = YES;
				CLANG_WARN_OBJC_IMPLICIT_RETAIN_SELF = YES;
				CLANG_WARN_OBJC_LITERAL_CONVERSION = YES;
				CLANG_WARN_OBJC_ROOT_CLASS = YES_ERROR;
				CLANG_WARN_QUOTED_INCLUDE_IN_FRAMEWORK_HEADER = YES;
				CLANG_WARN_RANGE_LOOP_ANALYSIS = YES;
				CLANG_WARN_STRICT_PROTOTYPES = YES;
				CLANG_WARN_SUSPICIOUS_MOVE = YES;
				CLANG_WARN_UNGUARDED_AVAILABILITY = YES_AGGRESSIVE;
				CLANG_WARN_UNREACHABLE_CODE = YES;
				CLANG_WARN__DUPLICATE_METHOD_MATCH = YES;
				COPY_PHASE_STRIP = NO;
				DEBUG_INFORMATION_FORMAT = dwarf;
				ENABLE_STRICT_OBJC_MSGSEND = YES;
				ENABLE_TESTABILITY = YES;
				ENABLE_USER_SCRIPT_SANDBOXING = YES;
				GCC_C_LANGUAGE_STANDARD = gnu17;
				GCC_DYNAMIC_NO_PIC = NO;
				GCC_NO_COMMON_BLOCKS = YES;
				GCC_OPTIMIZATION_LEVEL = 0;
				GCC_PREPROCESSOR_DEFINITIONS = (
					"DEBUG=1",
					"$(inherited)",
				);
				GCC_WARN_64_TO_32_BIT_CONVERSION = YES;
				GCC_WARN_ABOUT_RETURN_TYPE = YES_ERROR;
				GCC_WARN_UNDECLARED_SELECTOR = YES;
				GCC_WARN_UNINITIALIZED_AUTOS = YES_AGGRESSIVE;
				GCC_WARN_UNUSED_FUNCTION = YES;
				GCC_WARN_UNUSED_VARIABLE = YES;
				IPHONEOS_DEPLOYMENT_TARGET = 17.0;
				LOCALIZATION_PREFERS_STRING_CATALOGS = YES;
				MTL_ENABLE_DEBUG_INFO = INCLUDE_SOURCE;
				MTL_FAST_MATH = YES;
				ONLY_ACTIVE_ARCH = YES;
				SDKROOT = iphoneos;
				SWIFT_ACTIVE_COMPILATION_CONDITIONS = "DEBUG $(inherited)";
				SWIFT_OPTIMIZATION_LEVEL = "-Onone";
			};
			name = Debug;
		};
		409A08962AE9B4BC00761D16 /* Release */ = {
			isa = XCBuildConfiguration;
			buildSettings = {
				ALWAYS_SEARCH_USER_PATHS = NO;
				ASSETCATALOG_COMPILER_GENERATE_SWIFT_ASSET_SYMBOL_EXTENSIONS = YES;
				CLANG_ANALYZER_NONNULL = YES;
				CLANG_ANALYZER_NUMBER_OBJECT_CONVERSION = YES_AGGRESSIVE;
				CLANG_CXX_LANGUAGE_STANDARD = "gnu++20";
				CLANG_ENABLE_MODULES = YES;
				CLANG_ENABLE_OBJC_ARC = YES;
				CLANG_ENABLE_OBJC_WEAK = YES;
				CLANG_WARN_BLOCK_CAPTURE_AUTORELEASING = YES;
				CLANG_WARN_BOOL_CONVERSION = YES;
				CLANG_WARN_COMMA = YES;
				CLANG_WARN_CONSTANT_CONVERSION = YES;
				CLANG_WARN_DEPRECATED_OBJC_IMPLEMENTATIONS = YES;
				CLANG_WARN_DIRECT_OBJC_ISA_USAGE = YES_ERROR;
				CLANG_WARN_DOCUMENTATION_COMMENTS = YES;
				CLANG_WARN_EMPTY_BODY = YES;
				CLANG_WARN_ENUM_CONVERSION = YES;
				CLANG_WARN_INFINITE_RECURSION = YES;
				CLANG_WARN_INT_CONVERSION = YES;
				CLANG_WARN_NON_LITERAL_NULL_CONVERSION = YES;
				CLANG_WARN_OBJC_IMPLICIT_RETAIN_SELF = YES;
				CLANG_WARN_OBJC_LITERAL_CONVERSION = YES;
				CLANG_WARN_OBJC_ROOT_CLASS = YES_ERROR;
				CLANG_WARN_QUOTED_INCLUDE_IN_FRAMEWORK_HEADER = YES;
				CLANG_WARN_RANGE_LOOP_ANALYSIS = YES;
				CLANG_WARN_STRICT_PROTOTYPES = YES;
				CLANG_WARN_SUSPICIOUS_MOVE = YES;
				CLANG_WARN_UNGUARDED_AVAILABILITY = YES_AGGRESSIVE;
				CLANG_WARN_UNREACHABLE_CODE = YES;
				CLANG_WARN__DUPLICATE_METHOD_MATCH = YES;
				COPY_PHASE_STRIP = NO;
				DEBUG_INFORMATION_FORMAT = "dwarf-with-dsym";
				ENABLE_NS_ASSERTIONS = NO;
				ENABLE_STRICT_OBJC_MSGSEND = YES;
				ENABLE_USER_SCRIPT_SANDBOXING = YES;
				GCC_C_LANGUAGE_STANDARD = gnu17;
				GCC_NO_COMMON_BLOCKS = YES;
				GCC_WARN_64_TO_32_BIT_CONVERSION = YES;
				GCC_WARN_ABOUT_RETURN_TYPE = YES_ERROR;
				GCC_WARN_UNDECLARED_SELECTOR = YES;
				GCC_WARN_UNINITIALIZED_AUTOS = YES_AGGRESSIVE;
				GCC_WARN_UNUSED_FUNCTION = YES;
				GCC_WARN_UNUSED_VARIABLE = YES;
				IPHONEOS_DEPLOYMENT_TARGET = 17.0;
				LOCALIZATION_PREFERS_STRING_CATALOGS = YES;
				MTL_ENABLE_DEBUG_INFO = NO;
				MTL_FAST_MATH = YES;
				SDKROOT = iphoneos;
				SWIFT_COMPILATION_MODE = wholemodule;
				VALIDATE_PRODUCT = YES;
			};
			name = Release;
		};
		409A08982AE9B4BC00761D16 /* Debug */ = {
			isa = XCBuildConfiguration;
			buildSettings = {
				ASSETCATALOG_COMPILER_APPICON_NAME = AppIcon;
				ASSETCATALOG_COMPILER_GLOBAL_ACCENT_COLOR_NAME = AccentColor;
				CODE_SIGN_STYLE = Automatic;
				CURRENT_PROJECT_VERSION = 1;
				DEVELOPMENT_ASSET_PATHS = "\"BandPal/Preview Content\"";
				ENABLE_PREVIEWS = YES;
				GENERATE_INFOPLIST_FILE = YES;
				INFOPLIST_FILE = BandPal/Info.plist;
				INFOPLIST_KEY_UIApplicationSceneManifest_Generation = YES;
				INFOPLIST_KEY_UIApplicationSupportsIndirectInputEvents = YES;
				INFOPLIST_KEY_UILaunchScreen_Generation = YES;
				INFOPLIST_KEY_UISupportedInterfaceOrientations_iPad = "UIInterfaceOrientationPortrait UIInterfaceOrientationPortraitUpsideDown UIInterfaceOrientationLandscapeLeft UIInterfaceOrientationLandscapeRight";
				INFOPLIST_KEY_UISupportedInterfaceOrientations_iPhone = "UIInterfaceOrientationPortrait UIInterfaceOrientationLandscapeLeft UIInterfaceOrientationLandscapeRight";
				LD_RUNPATH_SEARCH_PATHS = (
					"$(inherited)",
					"@executable_path/Frameworks",
				);
				MARKETING_VERSION = 1.0;
				PRODUCT_BUNDLE_IDENTIFIER = com.timooo.BandPal;
				PRODUCT_NAME = "$(TARGET_NAME)";
				SWIFT_EMIT_LOC_STRINGS = YES;
				SWIFT_VERSION = 5.0;
				TARGETED_DEVICE_FAMILY = "1,2";
			};
			name = Debug;
		};
		409A08992AE9B4BC00761D16 /* Release */ = {
			isa = XCBuildConfiguration;
			buildSettings = {
				ASSETCATALOG_COMPILER_APPICON_NAME = AppIcon;
				ASSETCATALOG_COMPILER_GLOBAL_ACCENT_COLOR_NAME = AccentColor;
				CODE_SIGN_STYLE = Automatic;
				CURRENT_PROJECT_VERSION = 1;
				DEVELOPMENT_ASSET_PATHS = "\"BandPal/Preview Content\"";
				ENABLE_PREVIEWS = YES;
				GENERATE_INFOPLIST_FILE = YES;
				INFOPLIST_FILE = BandPal/Info.plist;
				INFOPLIST_KEY_UIApplicationSceneManifest_Generation = YES;
				INFOPLIST_KEY_UIApplicationSupportsIndirectInputEvents = YES;
				INFOPLIST_KEY_UILaunchScreen_Generation = YES;
				INFOPLIST_KEY_UISupportedInterfaceOrientations_iPad = "UIInterfaceOrientationPortrait UIInterfaceOrientationPortraitUpsideDown UIInterfaceOrientationLandscapeLeft UIInterfaceOrientationLandscapeRight";
				INFOPLIST_KEY_UISupportedInterfaceOrientations_iPhone = "UIInterfaceOrientationPortrait UIInterfaceOrientationLandscapeLeft UIInterfaceOrientationLandscapeRight";
				LD_RUNPATH_SEARCH_PATHS = (
					"$(inherited)",
					"@executable_path/Frameworks",
				);
				MARKETING_VERSION = 1.0;
				PRODUCT_BUNDLE_IDENTIFIER = com.timooo.BandPal;
				PRODUCT_NAME = "$(TARGET_NAME)";
				SWIFT_EMIT_LOC_STRINGS = YES;
				SWIFT_VERSION = 5.0;
				TARGETED_DEVICE_FAMILY = "1,2";
			};
			name = Release;
		};
/* End XCBuildConfiguration section */

/* Begin XCConfigurationList section */
		409A08842AE9B4BB00761D16 /* Build configuration list for PBXProject "BandPal" */ = {
			isa = XCConfigurationList;
			buildConfigurations = (
				409A08952AE9B4BC00761D16 /* Debug */,
				409A08962AE9B4BC00761D16 /* Release */,
			);
			defaultConfigurationIsVisible = 0;
			defaultConfigurationName = Release;
		};
		409A08972AE9B4BC00761D16 /* Build configuration list for PBXNativeTarget "BandPal" */ = {
			isa = XCConfigurationList;
			buildConfigurations = (
				409A08982AE9B4BC00761D16 /* Debug */,
				409A08992AE9B4BC00761D16 /* Release */,
			);
			defaultConfigurationIsVisible = 0;
			defaultConfigurationName = Release;
		};
/* End XCConfigurationList section */
	};
	rootObject = 409A08812AE9B4BB00761D16 /* Project object */;
}
